<?xml version="1.0" encoding="utf-8"?>
<Project ToolsVersion="17.0" xmlns="http://schemas.microsoft.com/developer/msbuild/2003">
  <ItemGroup>
    <ClCompile Include="C:\Users\XOMA\source\repos\projects-2024\sfml_sample-main\main.cpp">
      <Filter>Source Files</Filter>
    </ClCompile>
  </ItemGroup>
  <ItemGroup>
    <CustomBuild Include="C:\Users\XOMA\source\repos\projects-2024\sfml_sample-main\CMakeLists.txt" />
  </ItemGroup>
  <ItemGroup>
    <Filter Include="Source Files">
      <UniqueIdentifier>{11604D78-1677-3420-920C-0CB92F3394F5}</UniqueIdentifier>
    </Filter>
  </ItemGroup>
</Project>
