<?xml version="1.0" encoding="utf-8"?>
<Project ToolsVersion="17.0" xmlns="http://schemas.microsoft.com/developer/msbuild/2003">
  <ItemGroup>
    <CustomBuild Include="C:\Users\XOMA\Documents\GitHub\projects-2024\SFML2\CMakeFiles\9a780eb019839d9ac14d144f20e4f54a\generate.stamp.rule">
      <Filter>CMake Rules</Filter>
    </CustomBuild>
  </ItemGroup>
  <ItemGroup>
    <Filter Include="CMake Rules">
      <UniqueIdentifier>{6B4C356A-B422-32EA-8F70-AB66733073FC}</UniqueIdentifier>
    </Filter>
  </ItemGroup>
</Project>
